
Microsoft Visual Studio Solution File, Format Version 12.00
# Visual Studio 2013
VisualStudioVersion = 12.0.30723.0
MinimumVisualStudioVersion = 10.0.40219.1
Project("{FAE04EC0-301F-11D3-BF4B-00C04F79EFBC}") = "Failtracker", "Failtracker\Failtracker.csproj", "{56EFD22F-0ACE-48D5-88F8-657251B3F70C}"
EndProject
Project("{FAE04EC0-301F-11D3-BF4B-00C04F79EFBC}") = "Failtracker.Tests", "Failtracker.Tests\Failtracker.Tests.csproj", "{35FC9A3A-3D8C-411D-936B-C34B2FA544BC}"
EndProject
Project("{2150E333-8FDC-42A3-9474-1A3956D46DE8}") = "PublishScripts", "PublishScripts", "{0D37B093-4E63-4EA1-AD96-2FC12770B934}"
	ProjectSection(SolutionItems) = preProject
		PublishScripts\AzureWebsitePublishModule.psm1 = PublishScripts\AzureWebsitePublishModule.psm1
		PublishScripts\Publish-WebApplicationWebsite.ps1 = PublishScripts\Publish-WebApplicationWebsite.ps1
	EndProjectSection
EndProject
Project("{2150E333-8FDC-42A3-9474-1A3956D46DE8}") = "Configurations", "Configurations", "{5B95E481-5F32-46E5-8469-6B8A5DE5E51C}"
	ProjectSection(SolutionItems) = preProject
		PublishScripts\Configurations\Failtracker-WAWS-dev.json = PublishScripts\Configurations\Failtracker-WAWS-dev.json
	EndProjectSection
EndProject
Project("{2150E333-8FDC-42A3-9474-1A3956D46DE8}") = ".nuget", ".nuget", "{8F543B71-32C7-498A-9409-6C5139D21B9A}"
	ProjectSection(SolutionItems) = preProject
		.nuget\NuGet.Config = .nuget\NuGet.Config
		.nuget\NuGet.exe = .nuget\NuGet.exe
		.nuget\NuGet.targets = .nuget\NuGet.targets
	EndProjectSection
EndProject
Global
	GlobalSection(SolutionConfigurationPlatforms) = preSolution
		Debug|Any CPU = Debug|Any CPU
		Release|Any CPU = Release|Any CPU
	EndGlobalSection
	GlobalSection(ProjectConfigurationPlatforms) = postSolution
		{56EFD22F-0ACE-48D5-88F8-657251B3F70C}.Debug|Any CPU.ActiveCfg = Debug|Any CPU
		{56EFD22F-0ACE-48D5-88F8-657251B3F70C}.Debug|Any CPU.Build.0 = Debug|Any CPU
		{56EFD22F-0ACE-48D5-88F8-657251B3F70C}.Release|Any CPU.ActiveCfg = Release|Any CPU
		{56EFD22F-0ACE-48D5-88F8-657251B3F70C}.Release|Any CPU.Build.0 = Release|Any CPU
		{35FC9A3A-3D8C-411D-936B-C34B2FA544BC}.Debug|Any CPU.ActiveCfg = Debug|Any CPU
		{35FC9A3A-3D8C-411D-936B-C34B2FA544BC}.Debug|Any CPU.Build.0 = Debug|Any CPU
		{35FC9A3A-3D8C-411D-936B-C34B2FA544BC}.Release|Any CPU.ActiveCfg = Release|Any CPU
		{35FC9A3A-3D8C-411D-936B-C34B2FA544BC}.Release|Any CPU.Build.0 = Release|Any CPU
	EndGlobalSection
	GlobalSection(SolutionProperties) = preSolution
		HideSolutionNode = FALSE
	EndGlobalSection
	GlobalSection(NestedProjects) = preSolution
		{5B95E481-5F32-46E5-8469-6B8A5DE5E51C} = {0D37B093-4E63-4EA1-AD96-2FC12770B934}
	EndGlobalSection
EndGlobal
